lockfileVersion: '6.0'

settings:
  autoInstallPeers: true
  excludeLinksFromLockfile: false

overrides:
  '@types/react': 17.0.62
  '@types/react-dom': 17.0.20

importers:

  .: {}

  packages/a:
    dependencies:
      '@apollo/react-common':
        specifier: 3.1.4
        version: 3.1.4(@types/react@16.14.43)(apollo-client@2.6.10)(apollo-utilities@1.3.4)(graphql@14.7.0)(react@17.0.2)
      react:
        specifier: 17.0.2
        version: 17.0.2
      react-dom:
        specifier: 17.0.2
        version: 17.0.2(react@17.0.2)

  packages/b:
    dependencies:
      a:
        specifier: workspace:*
        version: link:../a
      react:
        specifier: 17.0.2
        version: 17.0.2
      react-dom:
        specifier: 17.0.2
        version: 17.0.2(react@17.0.2)
    devDependencies:
      '@types/react':
        specifier: 17.0.62
        version: 17.0.62
      '@types/react-dom':
        specifier: 17.0.20
        version: 17.0.20

packages:

  /@apollo/react-common@3.1.4(@types/react@16.14.43)(apollo-client@2.6.10)(apollo-utilities@1.3.4)(graphql@14.7.0)(react@17.0.2):
    resolution: {integrity: sha512-X5Kyro73bthWSCBJUC5XYQqMnG0dLWuDZmVkzog9dynovhfiVCV4kPSdgSIkqnb++cwCzOVuQ4rDKVwo2XRzQA==}
    peerDependencies:
      '@types/react': ^16.8.0
      apollo-client: ^2.6.4
      apollo-utilities: ^1.3.2
      graphql: ^14.3.1
      react: ^16.8.0
    dependencies:
      '@types/react': 16.14.43
      apollo-client: 2.6.10(graphql@14.7.0)
      apollo-utilities: 1.3.4(graphql@14.7.0)
      graphql: 14.7.0
      react: 17.0.2
      ts-invariant: 0.4.4
      tslib: 1.14.1
    dev: false

  /@types/prop-types@15.7.5:
    resolution: {integrity: sha512-JCB8C6SnDoQf0cNycqd/35A7MjcnK+ZTqE7judS6o7utxUCg6imJg3QK2qzHKszlTjcj2cn+NwMB2i96ubpj7w==}

  /@types/react-dom@17.0.20:
    resolution: {integrity: sha512-4pzIjSxDueZZ90F52mU3aPoogkHIoSIDG+oQ+wQK7Cy2B9S+MvOqY0uEA/qawKz381qrEDkvpwyt8Bm31I8sbA==}
    dependencies:
      '@types/react': 17.0.62
    dev: true

  /@types/react@16.14.43:
    resolution: {integrity: sha512-7zdjv7jvoLLQg1tTvpQsm+hyNUMT2mPlNV1+d0I8fbGhkJl82spopMyBlu4wb1dviZAxpGdk5eHu/muacknnfw==}
    dependencies:
      '@types/prop-types': 15.7.5
      '@types/scheduler': 0.16.3
      csstype: 3.1.2
    dev: false

  /@types/react@17.0.62:
    resolution: {integrity: sha512-eANCyz9DG8p/Vdhr0ZKST8JV12PhH2ACCDYlFw6DIO+D+ca+uP4jtEDEpVqXZrh/uZdXQGwk7whJa3ah5DtyLw==}
    dependencies:
      '@types/prop-types': 15.7.5
      '@types/scheduler': 0.16.3
      csstype: 3.1.2
    dev: true

  /@types/scheduler@0.16.3:
    resolution: {integrity: sha512-5cJ8CB4yAx7BH1oMvdU0Jh9lrEXyPkar6F9G/ERswkCuvP4KQZfZkSjcMbAICCpQTN4OuZn8tz0HiKv9TGZgrQ==}

  /@types/zen-observable@0.8.3:
    resolution: {integrity: sha512-fbF6oTd4sGGy0xjHPKAt+eS2CrxJ3+6gQ3FGcBoIJR2TLAyCkCyI8JqZNy+FeON0AhVgNJoUumVoZQjBFUqHkw==}
    dev: false

  /@wry/equality@0.1.11:
    resolution: {integrity: sha512-mwEVBDUVODlsQQ5dfuLUS5/Tf7jqUKyhKYHmVi4fPB6bDMOfWvUPJmKgS1Z7Za/sOI3vzWt4+O7yCiL/70MogA==}
    dependencies:
      tslib: 1.14.1
    dev: false

  /apollo-cache@1.3.5(graphql@14.7.0):
    resolution: {integrity: sha512-1XoDy8kJnyWY/i/+gLTEbYLnoiVtS8y7ikBr/IfmML4Qb+CM7dEEbIUOjnY716WqmZ/UpXIxTfJsY7rMcqiCXA==}
    peerDependencies:
      graphql: ^0.11.0 || ^0.12.0 || ^0.13.0 || ^14.0.0 || ^15.0.0
    dependencies:
      apollo-utilities: 1.3.4(graphql@14.7.0)
      graphql: 14.7.0
      tslib: 1.14.1
    dev: false

  /apollo-client@2.6.10(graphql@14.7.0):
    resolution: {integrity: sha512-jiPlMTN6/5CjZpJOkGeUV0mb4zxx33uXWdj/xQCfAMkuNAC3HN7CvYDyMHHEzmcQ5GV12LszWoQ/VlxET24CtA==}
    peerDependencies:
      graphql: ^0.11.0 || ^0.12.0 || ^0.13.0 || ^14.0.0 || ^15.0.0
    dependencies:
      '@types/zen-observable': 0.8.3
      apollo-cache: 1.3.5(graphql@14.7.0)
      apollo-link: 1.2.14(graphql@14.7.0)
      apollo-utilities: 1.3.4(graphql@14.7.0)
      graphql: 14.7.0
      symbol-observable: 1.2.0
      ts-invariant: 0.4.4
      tslib: 1.14.1
      zen-observable: 0.8.15
    dev: false

  /apollo-link@1.2.14(graphql@14.7.0):
    resolution: {integrity: sha512-p67CMEFP7kOG1JZ0ZkYZwRDa369w5PIjtMjvrQd/HnIV8FRsHRqLqK+oAZQnFa1DDdZtOtHTi+aMIW6EatC2jg==}
    peerDependencies:
      graphql: ^0.11.3 || ^0.12.3 || ^0.13.0 || ^14.0.0 || ^15.0.0
    dependencies:
      apollo-utilities: 1.3.4(graphql@14.7.0)
      graphql: 14.7.0
      ts-invariant: 0.4.4
      tslib: 1.14.1
      zen-observable-ts: 0.8.21
    dev: false

  /apollo-utilities@1.3.4(graphql@14.7.0):
    resolution: {integrity: sha512-pk2hiWrCXMAy2fRPwEyhvka+mqwzeP60Jr1tRYi5xru+3ko94HI9o6lK0CT33/w4RDlxWchmdhDCrvdr+pHCig==}
    peerDependencies:
      graphql: ^0.11.0 || ^0.12.0 || ^0.13.0 || ^14.0.0 || ^15.0.0
    dependencies:
      '@wry/equality': 0.1.11
      fast-json-stable-stringify: 2.1.0
      graphql: 14.7.0
      ts-invariant: 0.4.4
      tslib: 1.14.1
    dev: false

  /csstype@3.1.2:
    resolution: {integrity: sha512-I7K1Uu0MBPzaFKg4nI5Q7Vs2t+3gWWW648spaF+Rg7pI9ds18Ugn+lvg4SHczUdKlHI5LWBXyqfS8+DufyBsgQ==}

  /fast-json-stable-stringify@2.1.0:
    resolution: {integrity: sha512-lhd/wF+Lk98HZoTCtlVraHtfh5XYijIjalXck7saUtuanSDyLMxnHhSXEDJqHxD7msR8D0uCmqlkwjCV8xvwHw==}
    dev: false

  /graphql@14.7.0:
    resolution: {integrity: sha512-l0xWZpoPKpppFzMfvVyFmp9vLN7w/ZZJPefUicMCepfJeQ8sMcztloGYY9DfjVPo6tIUDzU5Hw3MUbIjj9AVVA==}
    engines: {node: '>= 6.x'}
    dependencies:
      iterall: 1.3.0
    dev: false

  /iterall@1.3.0:
    resolution: {integrity: sha512-QZ9qOMdF+QLHxy1QIpUHUU1D5pS2CG2P69LF6L6CPjPYA/XMOmKV3PZpawHoAjHNyB0swdVTRxdYT4tbBbxqwg==}
    dev: false

  /js-tokens@4.0.0:
    resolution: {integrity: sha512-RdJUflcE3cUzKiMqQgsCu06FPu9UdIJO0beYbPhHN4k6apgJtifcoCtT9bcxOpYBtpD2kCM6Sbzg4CausW/PKQ==}
    dev: false

  /loose-envify@1.4.0:
    resolution: {integrity: sha512-lyuxPGr/Wfhrlem2CL/UcnUc1zcqKAImBDzukY7Y5F/yQiNdko6+fRLevlw1HgMySw7f611UIY408EtxRSoK3Q==}
    hasBin: true
    dependencies:
      js-tokens: 4.0.0
    dev: false

  /object-assign@4.1.1:
    resolution: {integrity: sha512-rJgTQnkUnH1sFw8yT6VSU3zD3sWmu6sZhIseY8VX+GRu3P6F7Fu+JNDoXfklElbLJSnc3FUQHVe4cU5hj+BcUg==}
    engines: {node: '>=0.10.0'}
    dev: false

  /react-dom@17.0.2(react@17.0.2):
    resolution: {integrity: sha512-s4h96KtLDUQlsENhMn1ar8t2bEa+q/YAtj8pPPdIjPDGBDIVNsrD9aXNWqspUe6AzKCIG0C1HZZLqLV7qpOBGA==}
    peerDependencies:
      react: 17.0.2
    dependencies:
      loose-envify: 1.4.0
      object-assign: 4.1.1
      react: 17.0.2
      scheduler: 0.20.2
    dev: false

  /react@17.0.2:
    resolution: {integrity: sha512-gnhPt75i/dq/z3/6q/0asP78D0u592D5L1pd7M8P+dck6Fu/jJeL6iVVK23fptSUZj8Vjf++7wXA8UNclGQcbA==}
    engines: {node: '>=0.10.0'}
    dependencies:
      loose-envify: 1.4.0
      object-assign: 4.1.1
    dev: false

  /scheduler@0.20.2:
    resolution: {integrity: sha512-2eWfGgAqqWFGqtdMmcL5zCMK1U8KlXv8SQFGglL3CEtd0aDVDWgeF/YoCmvln55m5zSk3J/20hTaSBeSObsQDQ==}
    dependencies:
      loose-envify: 1.4.0
      object-assign: 4.1.1
    dev: false

  /symbol-observable@1.2.0:
    resolution: {integrity: sha512-e900nM8RRtGhlV36KGEU9k65K3mPb1WV70OdjfxlG2EAuM1noi/E/BaW/uMhL7bPEssK8QV57vN3esixjUvcXQ==}
    engines: {node: '>=0.10.0'}
    dev: false

  /ts-invariant@0.4.4:
    resolution: {integrity: sha512-uEtWkFM/sdZvRNNDL3Ehu4WVpwaulhwQszV8mrtcdeE8nN00BV9mAmQ88RkrBhFgl9gMgvjJLAQcZbnPXI9mlA==}
    dependencies:
      tslib: 1.14.1
    dev: false

  /tslib@1.14.1:
    resolution: {integrity: sha512-Xni35NKzjgMrwevysHTCArtLDpPvye8zV/0E4EyYn43P7/7qvQwPh9BGkHewbMulVntbigmcT7rdX3BNo9wRJg==}
    dev: false

  /zen-observable-ts@0.8.21:
    resolution: {integrity: sha512-Yj3yXweRc8LdRMrCC8nIc4kkjWecPAUVh0TI0OUrWXx6aX790vLcDlWca6I4vsyCGH3LpWxq0dJRcMOFoVqmeg==}
    dependencies:
      tslib: 1.14.1
      zen-observable: 0.8.15
    dev: false

  /zen-observable@0.8.15:
    resolution: {integrity: sha512-PQ2PC7R9rslx84ndNBZB/Dkv8V8fZEpk83RLgXtYd0fwUgEjseMn1Dgajh2x6S8QbZAFa9p2qVCEuYZNgve0dQ==}
    dev: false
